<?xml version="1.0" encoding="utf-8"?>
<Project ToolsVersion="4.0" xmlns="http://schemas.microsoft.com/developer/msbuild/2003">
  <ItemGroup>
    <Filter Include="Source Files">
      <UniqueIdentifier>{4FC737F1-C7A5-4376-A066-2A32D752A2FF}</UniqueIdentifier>
      <Extensions>cpp;c;cc;cxx;def;odl;idl;hpj;bat;asm;asmx</Extensions>
    </Filter>
    <Filter Include="Header Files">
      <UniqueIdentifier>{93995380-89BD-4b04-88EB-625FBE52EBFB}</UniqueIdentifier>
      <Extensions>h;hh;hpp;hxx;hm;inl;inc;xsd</Extensions>
    </Filter>
    <Filter Include="Resource Files">
      <UniqueIdentifier>{67DA6AB6-F800-4c08-8B7A-83BB121AAD01}</UniqueIdentifier>
      <Extensions>rc;ico;cur;bmp;dlg;rc2;rct;bin;rgs;gif;jpg;jpeg;jpe;resx;tiff;tif;png;wav;mfcribbon-ms</Extensions>
    </Filter>
    <Filter Include="glb">
      <UniqueIdentifier>{e0a14077-3b19-44c8-aef5-4bba2985e1d3}</UniqueIdentifier>
    </Filter>
    <Filter Include="const">
      <UniqueIdentifier>{6ab82245-1eeb-44b8-a735-fdc5bbe7d78c}</UniqueIdentifier>
    </Filter>
    <Filter Include="core">
      <UniqueIdentifier>{a400d830-f3e3-4670-8498-e27d75f3159f}</UniqueIdentifier>
    </Filter>
    <Filter Include="dialog">
      <UniqueIdentifier>{13e4bee5-132d-4557-963f-7426e1670b77}</UniqueIdentifier>
    </Filter>
    <Filter Include="export">
      <UniqueIdentifier>{26c4324f-baea-453d-b54f-5bdc6d53cea1}</UniqueIdentifier>
    </Filter>
    <Filter Include="import">
      <UniqueIdentifier>{fbdb2ee1-5039-4a1a-8178-b77f5a8b9ad8}</UniqueIdentifier>
    </Filter>
    <Filter Include="meta">
      <UniqueIdentifier>{52c41785-2de7-4492-82fa-342804b4107b}</UniqueIdentifier>
    </Filter>
    <Filter Include="network">
      <UniqueIdentifier>{2a8c2d79-13a7-44ff-9944-37755bc037db}</UniqueIdentifier>
    </Filter>
    <Filter Include="network\common">
      <UniqueIdentifier>{fadfb506-963d-4d63-9545-8fdfa6b1a3e5}</UniqueIdentifier>
    </Filter>
    <Filter Include="network\rest">
      <UniqueIdentifier>{4904ea02-d1f1-4343-99b5-acf54f7be4e1}</UniqueIdentifier>
    </Filter>
    <Filter Include="pugi">
      <UniqueIdentifier>{1d66ddd0-610b-4d4e-8f4d-c0646241279b}</UniqueIdentifier>
    </Filter>
    <Filter Include="util">
      <UniqueIdentifier>{6978f6a2-6a74-4303-8e45-40d49674e069}</UniqueIdentifier>
    </Filter>
    <Filter Include="logger">
      <UniqueIdentifier>{d1cbdcf0-8a30-40f3-8555-149fa60d0ab0}</UniqueIdentifier>
    </Filter>
    <Filter Include="settings">
      <UniqueIdentifier>{b2590d7e-755e-4b8a-b6ae-bff310b20f2f}</UniqueIdentifier>
    </Filter>
  </ItemGroup>
  <ItemGroup>
    <ClCompile Include="main.cpp">
      <Filter>Source Files</Filter>
    </ClCompile>
    <ClCompile Include="mainWindowProcedure.cpp">
      <Filter>Source Files</Filter>
    </ClCompile>
    <ClCompile Include="SMBIOS.cpp">
      <Filter>Source Files</Filter>
    </ClCompile>
    <ClCompile Include="glb\globalVars.cpp">
      <Filter>glb</Filter>
    </ClCompile>
    <ClCompile Include="core\sysinfo.cpp">
      <Filter>core</Filter>
    </ClCompile>
    <ClCompile Include="core\SystemInfo.cpp">
      <Filter>core</Filter>
    </ClCompile>
    <ClCompile Include="dialog\aboutDialog.cpp">
      <Filter>dialog</Filter>
    </ClCompile>
    <ClCompile Include="export\saveSpecs.cpp">
      <Filter>export</Filter>
    </ClCompile>
    <ClCompile Include="export\screenCapture.cpp">
      <Filter>export</Filter>
    </ClCompile>
    <ClCompile Include="import\binImport.cpp">
      <Filter>import</Filter>
    </ClCompile>
    <ClCompile Include="meta\SoftwareInfo.cpp">
      <Filter>meta</Filter>
    </ClCompile>
    <ClCompile Include="network\common\network.cpp">
      <Filter>network\common</Filter>
    </ClCompile>
    <ClCompile Include="pugi\pugixml.cpp">
      <Filter>pugi</Filter>
    </ClCompile>
    <ClCompile Include="util\utility.cpp">
      <Filter>util</Filter>
    </ClCompile>
    <ClCompile Include="network\rest\rest.cpp">
      <Filter>network\rest</Filter>
    </ClCompile>
    <ClCompile Include="dialog\scrUploadDialog.cpp">
      <Filter>dialog</Filter>
    </ClCompile>
    <ClCompile Include="WMIWBEMINFO.cpp">
      <Filter>core</Filter>
    </ClCompile>
    <ClCompile Include="logger\logger.cpp">
      <Filter>logger</Filter>
    </ClCompile>
    <ClCompile Include="util\controlManager.cpp">
      <Filter>util</Filter>
    </ClCompile>
    <ClCompile Include="settings\settings.cpp">
      <Filter>settings</Filter>
    </ClCompile>
  </ItemGroup>
  <ItemGroup>
    <ClInclude Include="mainWindowProcedure.h">
      <Filter>Header Files</Filter>
    </ClInclude>
    <ClInclude Include="resource.h">
      <Filter>Header Files</Filter>
    </ClInclude>
    <ClInclude Include="SMBIOS.h">
      <Filter>Header Files</Filter>
    </ClInclude>
    <ClInclude Include="glb\globalVars.h">
      <Filter>glb</Filter>
    </ClInclude>
    <ClInclude Include="const\appconst.h">
      <Filter>const</Filter>
    </ClInclude>
    <ClInclude Include="const\iconLabelIDs.h">
      <Filter>const</Filter>
    </ClInclude>
    <ClInclude Include="const\itemIDs.h">
      <Filter>const</Filter>
    </ClInclude>
    <ClInclude Include="core\sysinfo.h">
      <Filter>core</Filter>
    </ClInclude>
    <ClInclude Include="core\SystemInfo.h">
      <Filter>core</Filter>
    </ClInclude>
    <ClInclude Include="dialog\aboutDialog.h">
      <Filter>dialog</Filter>
    </ClInclude>
    <ClInclude Include="export\saveSpecs.h">
      <Filter>export</Filter>
    </ClInclude>
    <ClInclude Include="export\screenCapture.h">
      <Filter>export</Filter>
    </ClInclude>
    <ClInclude Include="import\binImport.h">
      <Filter>import</Filter>
    </ClInclude>
    <ClInclude Include="meta\SoftwareInfo.h">
      <Filter>meta</Filter>
    </ClInclude>
    <ClInclude Include="network\common\network.h">
      <Filter>network\common</Filter>
    </ClInclude>
    <ClInclude Include="pugi\pugiconfig.hpp">
      <Filter>pugi</Filter>
    </ClInclude>
    <ClInclude Include="pugi\pugixml.hpp">
      <Filter>pugi</Filter>
    </ClInclude>
    <ClInclude Include="util\utility.h">
      <Filter>util</Filter>
    </ClInclude>
    <ClInclude Include="network\rest\rest.h">
      <Filter>network\rest</Filter>
    </ClInclude>
    <ClInclude Include="dialog\scrUploadDialog.h">
      <Filter>dialog</Filter>
    </ClInclude>
    <ClInclude Include="WMIWBEMINFO.h">
      <Filter>core</Filter>
    </ClInclude>
    <ClInclude Include="logger\logger.h">
      <Filter>logger</Filter>
    </ClInclude>
    <ClInclude Include="util\controlManager.h">
      <Filter>util</Filter>
    </ClInclude>
    <ClInclude Include="settings\settings.h">
      <Filter>settings</Filter>
    </ClInclude>
  </ItemGroup>
  <ItemGroup>
    <ResourceCompile Include="SystemInfo.rc">
      <Filter>Resource Files</Filter>
    </ResourceCompile>
  </ItemGroup>
  <ItemGroup>
    <Image Include="Icons\mainIcon.ico">
      <Filter>Resource Files</Filter>
    </Image>
    <Image Include="Icons\os.ico">
      <Filter>Resource Files</Filter>
    </Image>
    <Image Include="Icons\cpu.ico">
      <Filter>Resource Files</Filter>
    </Image>
    <Image Include="Icons\mb.ico">
      <Filter>Resource Files</Filter>
    </Image>
    <Image Include="Icons\RAM.ico">
      <Filter>Resource Files</Filter>
    </Image>
    <Image Include="Icons\GPU.ico">
      <Filter>Resource Files</Filter>
    </Image>
    <Image Include="Icons\monitor.ico">
      <Filter>Resource Files</Filter>
    </Image>
    <Image Include="Icons\storage.ico">
      <Filter>Resource Files</Filter>
    </Image>
    <Image Include="Icons\optical.ico">
      <Filter>Resource Files</Filter>
    </Image>
    <Image Include="Icons\sound.ico">
      <Filter>Resource Files</Filter>
    </Image>
    <Image Include="Icons\uptime.ico">
      <Filter>Resource Files</Filter>
    </Image>
    <Image Include="Icons\bios.ico">
      <Filter>Resource Files</Filter>
    </Image>
    <Image Include="Icons\network.ico">
      <Filter>Resource Files</Filter>
    </Image>
    <Image Include="Icons\utilization\utilization_0.ico">
      <Filter>Resource Files</Filter>
    </Image>
    <Image Include="Icons\utilization\utilization_1.ico">
      <Filter>Resource Files</Filter>
    </Image>
    <Image Include="Icons\utilization\utilization_2.ico">
      <Filter>Resource Files</Filter>
    </Image>
    <Image Include="Icons\utilization\utilization_3.ico">
      <Filter>Resource Files</Filter>
    </Image>
    <Image Include="Icons\utilization\utilization_5.ico">
      <Filter>Resource Files</Filter>
    </Image>
    <Image Include="Icons\utilization\utilization_4.ico">
      <Filter>Resource Files</Filter>
    </Image>
  </ItemGroup>
  <ItemGroup>
    <Manifest Include="SystemInfo.manifest" />
  </ItemGroup>
</Project>