<?xml version="1.0" encoding="utf-8"?>
<Project ToolsVersion="4.0" xmlns="http://schemas.microsoft.com/developer/msbuild/2003">
  <ItemGroup>
    <Filter Include="Source Files">
      <UniqueIdentifier>{4FC737F1-C7A5-4376-A066-2A32D752A2FF}</UniqueIdentifier>
      <Extensions>cpp;c;cc;cxx;def;odl;idl;hpj;bat;asm;asmx</Extensions>
    </Filter>
    <Filter Include="Header Files">
      <UniqueIdentifier>{93995380-89BD-4b04-88EB-625FBE52EBFB}</UniqueIdentifier>
      <Extensions>h;hh;hpp;hxx;hm;inl;inc;xsd</Extensions>
    </Filter>
    <Filter Include="Resource Files">
      <UniqueIdentifier>{67DA6AB6-F800-4c08-8B7A-83BB121AAD01}</UniqueIdentifier>
      <Extensions>rc;ico;cur;bmp;dlg;rc2;rct;bin;rgs;gif;jpg;jpeg;jpe;resx;tiff;tif;png;wav;mfcribbon-ms</Extensions>
    </Filter>
  </ItemGroup>
  <ItemGroup>
    <ClCompile Include="globalVars.cpp">
      <Filter>Source Files</Filter>
    </ClCompile>
    <ClCompile Include="main.cpp">
      <Filter>Source Files</Filter>
    </ClCompile>
    <ClCompile Include="mainWindowProcedure.cpp">
      <Filter>Source Files</Filter>
    </ClCompile>
    <ClCompile Include="sysinfo.cpp">
      <Filter>Source Files</Filter>
    </ClCompile>
    <ClCompile Include="utility.cpp">
      <Filter>Source Files</Filter>
    </ClCompile>
    <ClCompile Include="SystemInfo.cpp">
      <Filter>Source Files</Filter>
    </ClCompile>
    <ClCompile Include="screenCapture.cpp">
      <Filter>Source Files</Filter>
    </ClCompile>
    <ClCompile Include="saveSpecs.cpp">
      <Filter>Source Files</Filter>
    </ClCompile>
    <ClCompile Include="aboutDialog.cpp">
      <Filter>Source Files</Filter>
    </ClCompile>
    <ClCompile Include="SoftwareInfo.cpp">
      <Filter>Source Files</Filter>
    </ClCompile>
    <ClCompile Include="SMBIOS.cpp">
      <Filter>Source Files</Filter>
    </ClCompile>
    <ClCompile Include="network.cpp">
      <Filter>Source Files</Filter>
    </ClCompile>
  </ItemGroup>
  <ItemGroup>
    <ClInclude Include="globalVars.h">
      <Filter>Header Files</Filter>
    </ClInclude>
    <ClInclude Include="appconst.h">
      <Filter>Header Files</Filter>
    </ClInclude>
    <ClInclude Include="mainWindowProcedure.h">
      <Filter>Header Files</Filter>
    </ClInclude>
    <ClInclude Include="utility.h">
      <Filter>Header Files</Filter>
    </ClInclude>
    <ClInclude Include="itemIDs.h">
      <Filter>Header Files</Filter>
    </ClInclude>
    <ClInclude Include="sysinfo.h">
      <Filter>Header Files</Filter>
    </ClInclude>
    <ClInclude Include="SystemInfo.h">
      <Filter>Header Files</Filter>
    </ClInclude>
    <ClInclude Include="resource.h">
      <Filter>Header Files</Filter>
    </ClInclude>
    <ClInclude Include="iconLabelIDs.h">
      <Filter>Header Files</Filter>
    </ClInclude>
    <ClInclude Include="screenCapture.h">
      <Filter>Header Files</Filter>
    </ClInclude>
    <ClInclude Include="saveSpecs.h">
      <Filter>Header Files</Filter>
    </ClInclude>
    <ClInclude Include="aboutDialog.h">
      <Filter>Header Files</Filter>
    </ClInclude>
    <ClInclude Include="SoftwareInfo.h">
      <Filter>Header Files</Filter>
    </ClInclude>
    <ClInclude Include="SMBIOS.h">
      <Filter>Header Files</Filter>
    </ClInclude>
    <ClInclude Include="network.h">
      <Filter>Header Files</Filter>
    </ClInclude>
  </ItemGroup>
  <ItemGroup>
    <ResourceCompile Include="SystemInfo.rc">
      <Filter>Resource Files</Filter>
    </ResourceCompile>
  </ItemGroup>
  <ItemGroup>
    <Image Include="C:\Users\Theta1\Desktop\speccy]\mainIcon.ico">
      <Filter>Resource Files</Filter>
    </Image>
    <Image Include="C:\Users\Theta1\Desktop\speccy]\os.ico">
      <Filter>Resource Files</Filter>
    </Image>
    <Image Include="C:\Users\Theta1\Desktop\speccy]\cpu.ico">
      <Filter>Resource Files</Filter>
    </Image>
    <Image Include="C:\Users\Theta1\Desktop\speccy]\mb.ico">
      <Filter>Resource Files</Filter>
    </Image>
    <Image Include="C:\Users\Theta1\Desktop\speccy]\RAM.ico">
      <Filter>Resource Files</Filter>
    </Image>
    <Image Include="C:\Users\Theta1\Desktop\speccy]\GPU.ico">
      <Filter>Resource Files</Filter>
    </Image>
    <Image Include="C:\Users\Theta1\Desktop\speccy]\monitor.ico">
      <Filter>Resource Files</Filter>
    </Image>
    <Image Include="C:\Users\Theta1\Desktop\speccy]\storage.ico">
      <Filter>Resource Files</Filter>
    </Image>
    <Image Include="C:\Users\Theta1\Desktop\speccy]\optical.ico">
      <Filter>Resource Files</Filter>
    </Image>
    <Image Include="C:\Users\Theta1\Desktop\speccy]\sound.ico">
      <Filter>Resource Files</Filter>
    </Image>
    <Image Include="C:\Users\Theta1\Desktop\speccy]\uptime.ico">
      <Filter>Resource Files</Filter>
    </Image>
    <Image Include="Icons\mainIcon.ico">
      <Filter>Resource Files</Filter>
    </Image>
    <Image Include="Icons\os.ico">
      <Filter>Resource Files</Filter>
    </Image>
    <Image Include="Icons\cpu.ico">
      <Filter>Resource Files</Filter>
    </Image>
    <Image Include="Icons\mb.ico">
      <Filter>Resource Files</Filter>
    </Image>
    <Image Include="Icons\RAM.ico">
      <Filter>Resource Files</Filter>
    </Image>
    <Image Include="Icons\GPU.ico">
      <Filter>Resource Files</Filter>
    </Image>
    <Image Include="Icons\monitor.ico">
      <Filter>Resource Files</Filter>
    </Image>
    <Image Include="Icons\storage.ico">
      <Filter>Resource Files</Filter>
    </Image>
    <Image Include="Icons\optical.ico">
      <Filter>Resource Files</Filter>
    </Image>
    <Image Include="Icons\sound.ico">
      <Filter>Resource Files</Filter>
    </Image>
    <Image Include="Icons\uptime.ico">
      <Filter>Resource Files</Filter>
    </Image>
    <Image Include="icons\icon2.ico">
      <Filter>Resource Files</Filter>
    </Image>
    <Image Include="Icons\bios.ico">
      <Filter>Resource Files</Filter>
    </Image>
    <Image Include="Icons\network.ico">
      <Filter>Resource Files</Filter>
    </Image>
  </ItemGroup>
  <ItemGroup>
    <Manifest Include="SystemInfo.manifest" />
  </ItemGroup>
</Project>